
Microsoft Visual Studio Solution File, Format Version 12.00
# Visual Studio Version 17
VisualStudioVersion = 17.14.36511.14 d17.14
MinimumVisualStudioVersion = 10.0.40219.1
Project("{FAE04EC0-301F-11D3-BF4B-00C04F79EFBC}") = "Bai05", "Bai05.csproj", "{76A3BCD6-9FD1-4FDF-8822-E901225456D2}"
EndProject
Global
	GlobalSection(SolutionConfigurationPlatforms) = preSolution
		Debug|Any CPU = Debug|Any CPU
		Release|Any CPU = Release|Any CPU
	EndGlobalSection
	GlobalSection(ProjectConfigurationPlatforms) = postSolution
		{76A3BCD6-9FD1-4FDF-8822-E901225456D2}.Debug|Any CPU.ActiveCfg = Debug|Any CPU
		{76A3BCD6-9FD1-4FDF-8822-E901225456D2}.Debug|Any CPU.Build.0 = Debug|Any CPU
		{76A3BCD6-9FD1-4FDF-8822-E901225456D2}.Release|Any CPU.ActiveCfg = Release|Any CPU
		{76A3BCD6-9FD1-4FDF-8822-E901225456D2}.Release|Any CPU.Build.0 = Release|Any CPU
	EndGlobalSection
	GlobalSection(SolutionProperties) = preSolution
		HideSolutionNode = FALSE
	EndGlobalSection
	GlobalSection(ExtensibilityGlobals) = postSolution
		SolutionGuid = {54E3CC9C-067D-4E66-A096-8B07CB3807D3}
	EndGlobalSection
EndGlobal
